
Microsoft Visual Studio Solution File, Format Version 12.00
# Visual Studio Version 16
VisualStudioVersion = 16.0.32630.194
MinimumVisualStudioVersion = 10.0.40219.1
Project("{FAE04EC0-301F-11D3-BF4B-00C04F79EFBC}") = "Calculator", "Calculator.csproj", "{266AAF7B-AF9C-4D53-9012-1BCA0F0C4E94}"
EndProject
Project("{FAE04EC0-301F-11D3-BF4B-00C04F79EFBC}") = "UnitTestProject_Calculator", "..\UnitTestProject_Calculator\UnitTestProject_Calculator.csproj", "{2FE4E350-BCCD-40EB-94D9-707619A0C779}"
EndProject
Global
	GlobalSection(SolutionConfigurationPlatforms) = preSolution
		Debug|Any CPU = Debug|Any CPU
		Release|Any CPU = Release|Any CPU
	EndGlobalSection
	GlobalSection(ProjectConfigurationPlatforms) = postSolution
		{266AAF7B-AF9C-4D53-9012-1BCA0F0C4E94}.Debug|Any CPU.ActiveCfg = Debug|Any CPU
		{266AAF7B-AF9C-4D53-9012-1BCA0F0C4E94}.Debug|Any CPU.Build.0 = Debug|Any CPU
		{266AAF7B-AF9C-4D53-9012-1BCA0F0C4E94}.Release|Any CPU.ActiveCfg = Release|Any CPU
		{266AAF7B-AF9C-4D53-9012-1BCA0F0C4E94}.Release|Any CPU.Build.0 = Release|Any CPU
		{2FE4E350-BCCD-40EB-94D9-707619A0C779}.Debug|Any CPU.ActiveCfg = Debug|Any CPU
		{2FE4E350-BCCD-40EB-94D9-707619A0C779}.Debug|Any CPU.Build.0 = Debug|Any CPU
		{2FE4E350-BCCD-40EB-94D9-707619A0C779}.Release|Any CPU.ActiveCfg = Release|Any CPU
		{2FE4E350-BCCD-40EB-94D9-707619A0C779}.Release|Any CPU.Build.0 = Release|Any CPU
	EndGlobalSection
	GlobalSection(SolutionProperties) = preSolution
		HideSolutionNode = FALSE
	EndGlobalSection
	GlobalSection(ExtensibilityGlobals) = postSolution
		SolutionGuid = {158DF175-41A3-4284-8C1A-7F7BB65D5A90}
	EndGlobalSection
EndGlobal
